<?xml version="1.0" encoding="utf-8"?>
<Project ToolsVersion="4.0" xmlns="http://schemas.microsoft.com/developer/msbuild/2003">
  <ItemGroup>
    <ClCompile Include="main.cpp" />
    <ClCompile Include="CBat.cpp">
      <Filter>Objects\Bat</Filter>
    </ClCompile>
    <ClCompile Include="CDog.cpp">
      <Filter>Objects\Dog</Filter>
    </ClCompile>
    <ClCompile Include="CGhost.cpp">
      <Filter>Objects\Ghost</Filter>
    </ClCompile>
    <ClCompile Include="Game.cpp">
      <Filter>FrameWork\Game</Filter>
    </ClCompile>
    <ClCompile Include="GameObject.cpp">
      <Filter>FrameWork\Game</Filter>
    </ClCompile>
    <ClCompile Include="debug.cpp">
      <Filter>FrameWork\Debug</Filter>
    </ClCompile>
    <ClCompile Include="Weapon.cpp">
      <Filter>Objects\Weapon</Filter>
    </ClCompile>
    <ClCompile Include="Goomba.cpp">
      <Filter>Objects\Goomba</Filter>
    </ClCompile>
    <ClCompile Include="Simon.cpp">
      <Filter>Objects\Simon</Filter>
    </ClCompile>
    <ClCompile Include="Brick.cpp">
      <Filter>FrameWork\Brick</Filter>
    </ClCompile>
    <ClCompile Include="Textures.cpp">
      <Filter>FrameWork\Texture</Filter>
    </ClCompile>
    <ClCompile Include="Sprites.cpp">
      <Filter>FrameWork\Sprites</Filter>
    </ClCompile>
    <ClCompile Include="Scence.cpp">
      <Filter>FrameWork\Scence</Filter>
    </ClCompile>
    <ClCompile Include="Utlis.cpp">
      <Filter>FrameWork\Scence</Filter>
    </ClCompile>
  </ItemGroup>
  <ItemGroup>
    <ClInclude Include="CBat.h">
      <Filter>Objects\Bat</Filter>
    </ClInclude>
    <ClInclude Include="CDog.h">
      <Filter>Objects\Dog</Filter>
    </ClInclude>
    <ClInclude Include="CGhost.h">
      <Filter>Objects\Ghost</Filter>
    </ClInclude>
    <ClInclude Include="GameObject.h">
      <Filter>FrameWork\Game</Filter>
    </ClInclude>
    <ClInclude Include="Game.h">
      <Filter>FrameWork\Game</Filter>
    </ClInclude>
    <ClInclude Include="debug.h">
      <Filter>FrameWork\Debug</Filter>
    </ClInclude>
    <ClInclude Include="Weapon.h">
      <Filter>Objects\Weapon</Filter>
    </ClInclude>
    <ClInclude Include="Goomba.h">
      <Filter>Objects\Goomba</Filter>
    </ClInclude>
    <ClInclude Include="Simon.h">
      <Filter>Objects\Simon</Filter>
    </ClInclude>
    <ClInclude Include="Brick.h">
      <Filter>FrameWork\Brick</Filter>
    </ClInclude>
    <ClInclude Include="Textures.h">
      <Filter>FrameWork\Texture</Filter>
    </ClInclude>
    <ClInclude Include="Sprites.h">
      <Filter>FrameWork\Sprites</Filter>
    </ClInclude>
    <ClInclude Include="Scence.h">
      <Filter>FrameWork\Scence</Filter>
    </ClInclude>
    <ClInclude Include="Utils.h">
      <Filter>FrameWork\Scence</Filter>
    </ClInclude>
  </ItemGroup>
  <ItemGroup>
    <Filter Include="Objects">
      <UniqueIdentifier>{06472be2-85bb-4feb-bec4-a3b21dfa1774}</UniqueIdentifier>
    </Filter>
    <Filter Include="Objects\Simon">
      <UniqueIdentifier>{22c6c890-254c-4086-b0c6-0e1f56844e7e}</UniqueIdentifier>
    </Filter>
    <Filter Include="Objects\Bat">
      <UniqueIdentifier>{efc9d0f3-28c7-4f67-b72a-afab0c815d70}</UniqueIdentifier>
    </Filter>
    <Filter Include="Objects\Ghost">
      <UniqueIdentifier>{1c8fad66-04b1-44d2-b401-9679c92fe14a}</UniqueIdentifier>
    </Filter>
    <Filter Include="Objects\Dog">
      <UniqueIdentifier>{be0b5735-2c00-43aa-827e-e01bd6b88467}</UniqueIdentifier>
    </Filter>
    <Filter Include="FrameWork">
      <UniqueIdentifier>{56df8639-78f8-4725-8415-859eeab5cae9}</UniqueIdentifier>
    </Filter>
    <Filter Include="FrameWork\Game">
      <UniqueIdentifier>{5c981cc5-5c7f-487e-b43b-37a55203c822}</UniqueIdentifier>
    </Filter>
    <Filter Include="FrameWork\Scence">
      <UniqueIdentifier>{8baba6c8-534d-447f-a371-0ff3ca67898e}</UniqueIdentifier>
    </Filter>
    <Filter Include="Objects\Weapon">
      <UniqueIdentifier>{870b552e-dbae-4f11-b380-adf31d837edc}</UniqueIdentifier>
    </Filter>
    <Filter Include="FrameWork\Debug">
      <UniqueIdentifier>{3468c6c4-a5b1-46d2-830a-f0ec6b6e173d}</UniqueIdentifier>
    </Filter>
    <Filter Include="Objects\Goomba">
      <UniqueIdentifier>{8ceea91d-0c88-47d0-a5b1-01bd6a4cbdc5}</UniqueIdentifier>
    </Filter>
    <Filter Include="FrameWork\Brick">
      <UniqueIdentifier>{193b637f-01e8-4ba0-8845-14c4a20491cd}</UniqueIdentifier>
    </Filter>
    <Filter Include="FrameWork\Texture">
      <UniqueIdentifier>{2007f280-692a-48c3-88a7-e511e784e422}</UniqueIdentifier>
    </Filter>
    <Filter Include="FrameWork\Sprites">
      <UniqueIdentifier>{80267061-5fdd-44f7-a38d-b9d5d4602179}</UniqueIdentifier>
    </Filter>
  </ItemGroup>
</Project>